Microsoft Visual Studio Solution File, Format Version 12.00
# Visual Studio Version 17
VisualStudioVersion = 17.5.2.0
MinimumVisualStudioVersion = 10.0.40219.1
Project("{FAE04EC0-301F-11D3-BF4B-00C04F79EFBC}") = "AutoCADAutomation", "AutoCADAutomation.csproj", "{95C305A1-2698-A69D-2BE3-83091C96E51A}"
EndProject
Global
	GlobalSection(SolutionConfigurationPlatforms) = preSolution
		Debug|Any CPU = Debug|Any CPU
		Release|Any CPU = Release|Any CPU
	EndGlobalSection
	GlobalSection(ProjectConfigurationPlatforms) = postSolution
		{95C305A1-2698-A69D-2BE3-83091C96E51A}.Debug|Any CPU.ActiveCfg = Debug|Any CPU
		{95C305A1-2698-A69D-2BE3-83091C96E51A}.Debug|Any CPU.Build.0 = Debug|Any CPU
		{95C305A1-2698-A69D-2BE3-83091C96E51A}.Release|Any CPU.ActiveCfg = Release|Any CPU
		{95C305A1-2698-A69D-2BE3-83091C96E51A}.Release|Any CPU.Build.0 = Release|Any CPU
	EndGlobalSection
	GlobalSection(SolutionProperties) = preSolution
		HideSolutionNode = FALSE
	EndGlobalSection
	GlobalSection(ExtensibilityGlobals) = postSolution
		SolutionGuid = {68ACFCE3-027A-45BF-B50E-584FA5F955F0}
	EndGlobalSection
EndGlobal
